{
  "version": 4,
  "terraform_version": "1.6.2",
  "serial": 1,
  "lineage": "3c420cda-b2e0-16c4-cfa3-8a1287cda704",
  "outputs": {
    "container_names": {
      "value": [
        "nginx-web",
        "nginx-api",
        "nginx-db"
      ],
      "type": [
        "tuple",
        [
          "string",
          "string",
          "string"
        ]
      ]
    },
    "container_ports": {
      "value": [
        "🔌 nginx-web exposed on 8080",
        "🔌 nginx-api exposed on 5001",
        "🔌 nginx-db exposed on 33060"
      ],
      "type": [
        "tuple",
        [
          "string",
          "string",
          "string"
        ]
      ]
    }
  },
  "resources": [
    {
      "mode": "managed",
      "type": "docker_image",
      "name": "nginx",
      "provider": "provider[\"registry.terraform.io/kreuzwerker/docker\"]",
      "instances": [
        {
          "schema_version": 0,
          "attributes": {
            "build": [],
            "force_remove": null,
            "id": "sha256:9592f5595f2b12c2ede5d2ce9ec936b33fc328225a00b3901b96019e3dd83528nginx:latest",
            "image_id": "sha256:9592f5595f2b12c2ede5d2ce9ec936b33fc328225a00b3901b96019e3dd83528",
            "keep_locally": null,
            "name": "nginx:latest",
            "platform": null,
            "pull_triggers": null,
            "repo_digest": "nginx@sha256:93230cd54060f497430c7a120e2347894846a81b6a5dd2110f7362c5423b4abc",
            "timeouts": null,
            "triggers": null
          },
          "sensitive_attributes": [],
          "private": "eyJlMmJmYjczMC1lY2FhLTExZTYtOGY4OC0zNDM2M2JjN2M0YzAiOnsiY3JlYXRlIjoxMjAwMDAwMDAwMDAwLCJkZWxldGUiOjEyMDAwMDAwMDAwMDAsInVwZGF0ZSI6MTIwMDAwMDAwMDAwMH19"
        }
      ]
    }
  ],
  "check_results": null
}
